{
  "name": "ecommerce-capitao-suplementos",
  "version": "0.1.0",
  "lockfileVersion": 3,
  "requires": true,
  "packages": {
    "": {
      "name": "ecommerce-capitao-suplementos",
      "version": "0.1.0",
      "dependencies": {
        "@vitejs/plugin-react": "latest",
        "lucide-react": "latest",
        "react": "latest",
        "react-dom": "latest",
        "vite": "latest"
      },
      "devDependencies": {
        "@cloudflare/vite-plugin": "1.54.3",
        "@types/node": "latest",
        "@types/react": "latest",
        "@types/react-dom": "latest",
        "typescript": "latest",
        "wrangler": "4.129.0"
      }
    }
  }
}
